
Microsoft Visual Studio Solution File, Format Version 12.00
# Visual Studio Version 17
VisualStudioVersion = 17.6.33815.320
MinimumVisualStudioVersion = 10.0.40219.1
Project("{C7167F0D-BC9F-4E6E-AFE1-012C56B48DB5}") = "HostPackage", "HostPackage\HostPackage.wapproj", "{92EE5087-6133-40C9-8B3F-F0FD6DF06EAE}"
EndProject
Project("{C7167F0D-BC9F-4E6E-AFE1-012C56B48DB5}") = "AppExtensionPackage", "AppExtensionPackage\AppExtensionPackage.wapproj", "{BBBE4EF3-13E1-4E8D-971C-DE3DC0BBB81D}"
EndProject
Project("{8BC9CEB8-8B4A-11D0-8D11-00A0C91BC942}") = "Host", "Host\Host.vcxproj", "{CD4F0D88-3443-490D-846B-96D96E2071DD}"
EndProject
Project("{8BC9CEB8-8B4A-11D0-8D11-00A0C91BC942}") = "SDK", "SDK\SDK.vcxproj", "{13CEB7B5-8828-4B75-8CA3-26F6A9DD3BB6}"
EndProject
Project("{8BC9CEB8-8B4A-11D0-8D11-00A0C91BC942}") = "AppExtension", "AppExtension\AppExtension.vcxproj", "{65F80C20-6848-4FCE-9654-61B883B2EE3E}"
EndProject
Project("{9A19103F-16F7-4668-BE54-9A1E7A4F7556}") = "AppExtensionCSharp", "AppExtensionCSharp\AppExtensionCSharp.csproj", "{D4E57DFB-EA15-49A4-B785-39FA3B2F59F7}"
EndProject
Project("{9A19103F-16F7-4668-BE54-9A1E7A4F7556}") = "SDKCsProjection", "SDKCsProjection\SDKCsProjection.csproj", "{476EFFBB-BFBC-4034-ADAD-11986E77B328}"
EndProject
Global
	GlobalSection(SolutionConfigurationPlatforms) = preSolution
		Debug|Any CPU = Debug|Any CPU
		Debug|ARM = Debug|ARM
		Debug|ARM64 = Debug|ARM64
		Debug|x64 = Debug|x64
		Debug|x86 = Debug|x86
		Release|Any CPU = Release|Any CPU
		Release|ARM = Release|ARM
		Release|ARM64 = Release|ARM64
		Release|x64 = Release|x64
		Release|x86 = Release|x86
	EndGlobalSection
	GlobalSection(ProjectConfigurationPlatforms) = postSolution
		{92EE5087-6133-40C9-8B3F-F0FD6DF06EAE}.Debug|Any CPU.ActiveCfg = Debug|Any CPU
		{92EE5087-6133-40C9-8B3F-F0FD6DF06EAE}.Debug|Any CPU.Build.0 = Debug|Any CPU
		{92EE5087-6133-40C9-8B3F-F0FD6DF06EAE}.Debug|Any CPU.Deploy.0 = Debug|Any CPU
		{92EE5087-6133-40C9-8B3F-F0FD6DF06EAE}.Debug|ARM.ActiveCfg = Debug|ARM
		{92EE5087-6133-40C9-8B3F-F0FD6DF06EAE}.Debug|ARM.Build.0 = Debug|ARM
		{92EE5087-6133-40C9-8B3F-F0FD6DF06EAE}.Debug|ARM.Deploy.0 = Debug|ARM
		{92EE5087-6133-40C9-8B3F-F0FD6DF06EAE}.Debug|ARM64.ActiveCfg = Debug|ARM64
		{92EE5087-6133-40C9-8B3F-F0FD6DF06EAE}.Debug|ARM64.Build.0 = Debug|ARM64
		{92EE5087-6133-40C9-8B3F-F0FD6DF06EAE}.Debug|ARM64.Deploy.0 = Debug|ARM64
		{92EE5087-6133-40C9-8B3F-F0FD6DF06EAE}.Debug|x64.ActiveCfg = Debug|x64
		{92EE5087-6133-40C9-8B3F-F0FD6DF06EAE}.Debug|x64.Build.0 = Debug|x64
		{92EE5087-6133-40C9-8B3F-F0FD6DF06EAE}.Debug|x64.Deploy.0 = Debug|x64
		{92EE5087-6133-40C9-8B3F-F0FD6DF06EAE}.Debug|x86.ActiveCfg = Debug|x86
		{92EE5087-6133-40C9-8B3F-F0FD6DF06EAE}.Debug|x86.Build.0 = Debug|x86
		{92EE5087-6133-40C9-8B3F-F0FD6DF06EAE}.Debug|x86.Deploy.0 = Debug|x86
		{92EE5087-6133-40C9-8B3F-F0FD6DF06EAE}.Release|Any CPU.ActiveCfg = Release|Any CPU
		{92EE5087-6133-40C9-8B3F-F0FD6DF06EAE}.Release|Any CPU.Build.0 = Release|Any CPU
		{92EE5087-6133-40C9-8B3F-F0FD6DF06EAE}.Release|Any CPU.Deploy.0 = Release|Any CPU
		{92EE5087-6133-40C9-8B3F-F0FD6DF06EAE}.Release|ARM.ActiveCfg = Release|ARM
		{92EE5087-6133-40C9-8B3F-F0FD6DF06EAE}.Release|ARM.Build.0 = Release|ARM
		{92EE5087-6133-40C9-8B3F-F0FD6DF06EAE}.Release|ARM.Deploy.0 = Release|ARM
		{92EE5087-6133-40C9-8B3F-F0FD6DF06EAE}.Release|ARM64.ActiveCfg = Release|ARM64
		{92EE5087-6133-40C9-8B3F-F0FD6DF06EAE}.Release|ARM64.Build.0 = Release|ARM64
		{92EE5087-6133-40C9-8B3F-F0FD6DF06EAE}.Release|ARM64.Deploy.0 = Release|ARM64
		{92EE5087-6133-40C9-8B3F-F0FD6DF06EAE}.Release|x64.ActiveCfg = Release|x64
		{92EE5087-6133-40C9-8B3F-F0FD6DF06EAE}.Release|x64.Build.0 = Release|x64
		{92EE5087-6133-40C9-8B3F-F0FD6DF06EAE}.Release|x64.Deploy.0 = Release|x64
		{92EE5087-6133-40C9-8B3F-F0FD6DF06EAE}.Release|x86.ActiveCfg = Release|x86
		{92EE5087-6133-40C9-8B3F-F0FD6DF06EAE}.Release|x86.Build.0 = Release|x86
		{92EE5087-6133-40C9-8B3F-F0FD6DF06EAE}.Release|x86.Deploy.0 = Release|x86
		{BBBE4EF3-13E1-4E8D-971C-DE3DC0BBB81D}.Debug|Any CPU.ActiveCfg = Debug|Any CPU
		{BBBE4EF3-13E1-4E8D-971C-DE3DC0BBB81D}.Debug|Any CPU.Build.0 = Debug|Any CPU
		{BBBE4EF3-13E1-4E8D-971C-DE3DC0BBB81D}.Debug|Any CPU.Deploy.0 = Debug|Any CPU
		{BBBE4EF3-13E1-4E8D-971C-DE3DC0BBB81D}.Debug|ARM.ActiveCfg = Debug|ARM
		{BBBE4EF3-13E1-4E8D-971C-DE3DC0BBB81D}.Debug|ARM.Build.0 = Debug|ARM
		{BBBE4EF3-13E1-4E8D-971C-DE3DC0BBB81D}.Debug|ARM.Deploy.0 = Debug|ARM
		{BBBE4EF3-13E1-4E8D-971C-DE3DC0BBB81D}.Debug|ARM64.ActiveCfg = Debug|ARM64
		{BBBE4EF3-13E1-4E8D-971C-DE3DC0BBB81D}.Debug|ARM64.Build.0 = Debug|ARM64
		{BBBE4EF3-13E1-4E8D-971C-DE3DC0BBB81D}.Debug|ARM64.Deploy.0 = Debug|ARM64
		{BBBE4EF3-13E1-4E8D-971C-DE3DC0BBB81D}.Debug|x64.ActiveCfg = Debug|x64
		{BBBE4EF3-13E1-4E8D-971C-DE3DC0BBB81D}.Debug|x64.Build.0 = Debug|x64
		{BBBE4EF3-13E1-4E8D-971C-DE3DC0BBB81D}.Debug|x64.Deploy.0 = Debug|x64
		{BBBE4EF3-13E1-4E8D-971C-DE3DC0BBB81D}.Debug|x86.ActiveCfg = Debug|x86
		{BBBE4EF3-13E1-4E8D-971C-DE3DC0BBB81D}.Debug|x86.Build.0 = Debug|x86
		{BBBE4EF3-13E1-4E8D-971C-DE3DC0BBB81D}.Debug|x86.Deploy.0 = Debug|x86
		{BBBE4EF3-13E1-4E8D-971C-DE3DC0BBB81D}.Release|Any CPU.ActiveCfg = Release|Any CPU
		{BBBE4EF3-13E1-4E8D-971C-DE3DC0BBB81D}.Release|Any CPU.Build.0 = Release|Any CPU
		{BBBE4EF3-13E1-4E8D-971C-DE3DC0BBB81D}.Release|Any CPU.Deploy.0 = Release|Any CPU
		{BBBE4EF3-13E1-4E8D-971C-DE3DC0BBB81D}.Release|ARM.ActiveCfg = Release|ARM
		{BBBE4EF3-13E1-4E8D-971C-DE3DC0BBB81D}.Release|ARM.Build.0 = Release|ARM
		{BBBE4EF3-13E1-4E8D-971C-DE3DC0BBB81D}.Release|ARM.Deploy.0 = Release|ARM
		{BBBE4EF3-13E1-4E8D-971C-DE3DC0BBB81D}.Release|ARM64.ActiveCfg = Release|ARM64
		{BBBE4EF3-13E1-4E8D-971C-DE3DC0BBB81D}.Release|ARM64.Build.0 = Release|ARM64
		{BBBE4EF3-13E1-4E8D-971C-DE3DC0BBB81D}.Release|ARM64.Deploy.0 = Release|ARM64
		{BBBE4EF3-13E1-4E8D-971C-DE3DC0BBB81D}.Release|x64.ActiveCfg = Release|x64
		{BBBE4EF3-13E1-4E8D-971C-DE3DC0BBB81D}.Release|x64.Build.0 = Release|x64
		{BBBE4EF3-13E1-4E8D-971C-DE3DC0BBB81D}.Release|x64.Deploy.0 = Release|x64
		{BBBE4EF3-13E1-4E8D-971C-DE3DC0BBB81D}.Release|x86.ActiveCfg = Release|x86
		{BBBE4EF3-13E1-4E8D-971C-DE3DC0BBB81D}.Release|x86.Build.0 = Release|x86
		{BBBE4EF3-13E1-4E8D-971C-DE3DC0BBB81D}.Release|x86.Deploy.0 = Release|x86
		{CD4F0D88-3443-490D-846B-96D96E2071DD}.Debug|Any CPU.ActiveCfg = Debug|x64
		{CD4F0D88-3443-490D-846B-96D96E2071DD}.Debug|Any CPU.Build.0 = Debug|x64
		{CD4F0D88-3443-490D-846B-96D96E2071DD}.Debug|ARM.ActiveCfg = Debug|x64
		{CD4F0D88-3443-490D-846B-96D96E2071DD}.Debug|ARM.Build.0 = Debug|x64
		{CD4F0D88-3443-490D-846B-96D96E2071DD}.Debug|ARM64.ActiveCfg = Debug|x64
		{CD4F0D88-3443-490D-846B-96D96E2071DD}.Debug|ARM64.Build.0 = Debug|x64
		{CD4F0D88-3443-490D-846B-96D96E2071DD}.Debug|x64.ActiveCfg = Debug|x64
		{CD4F0D88-3443-490D-846B-96D96E2071DD}.Debug|x64.Build.0 = Debug|x64
		{CD4F0D88-3443-490D-846B-96D96E2071DD}.Debug|x86.ActiveCfg = Debug|Win32
		{CD4F0D88-3443-490D-846B-96D96E2071DD}.Debug|x86.Build.0 = Debug|Win32
		{CD4F0D88-3443-490D-846B-96D96E2071DD}.Release|Any CPU.ActiveCfg = Release|x64
		{CD4F0D88-3443-490D-846B-96D96E2071DD}.Release|Any CPU.Build.0 = Release|x64
		{CD4F0D88-3443-490D-846B-96D96E2071DD}.Release|ARM.ActiveCfg = Release|x64
		{CD4F0D88-3443-490D-846B-96D96E2071DD}.Release|ARM.Build.0 = Release|x64
		{CD4F0D88-3443-490D-846B-96D96E2071DD}.Release|ARM64.ActiveCfg = Release|x64
		{CD4F0D88-3443-490D-846B-96D96E2071DD}.Release|ARM64.Build.0 = Release|x64
		{CD4F0D88-3443-490D-846B-96D96E2071DD}.Release|x64.ActiveCfg = Release|x64
		{CD4F0D88-3443-490D-846B-96D96E2071DD}.Release|x64.Build.0 = Release|x64
		{CD4F0D88-3443-490D-846B-96D96E2071DD}.Release|x86.ActiveCfg = Release|Win32
		{CD4F0D88-3443-490D-846B-96D96E2071DD}.Release|x86.Build.0 = Release|Win32
		{13CEB7B5-8828-4B75-8CA3-26F6A9DD3BB6}.Debug|Any CPU.ActiveCfg = Debug|x64
		{13CEB7B5-8828-4B75-8CA3-26F6A9DD3BB6}.Debug|Any CPU.Build.0 = Debug|x64
		{13CEB7B5-8828-4B75-8CA3-26F6A9DD3BB6}.Debug|ARM.ActiveCfg = Debug|x64
		{13CEB7B5-8828-4B75-8CA3-26F6A9DD3BB6}.Debug|ARM.Build.0 = Debug|x64
		{13CEB7B5-8828-4B75-8CA3-26F6A9DD3BB6}.Debug|ARM64.ActiveCfg = Debug|ARM64
		{13CEB7B5-8828-4B75-8CA3-26F6A9DD3BB6}.Debug|ARM64.Build.0 = Debug|ARM64
		{13CEB7B5-8828-4B75-8CA3-26F6A9DD3BB6}.Debug|x64.ActiveCfg = Debug|x64
		{13CEB7B5-8828-4B75-8CA3-26F6A9DD3BB6}.Debug|x64.Build.0 = Debug|x64
		{13CEB7B5-8828-4B75-8CA3-26F6A9DD3BB6}.Debug|x86.ActiveCfg = Debug|Win32
		{13CEB7B5-8828-4B75-8CA3-26F6A9DD3BB6}.Debug|x86.Build.0 = Debug|Win32
		{13CEB7B5-8828-4B75-8CA3-26F6A9DD3BB6}.Release|Any CPU.ActiveCfg = Release|x64
		{13CEB7B5-8828-4B75-8CA3-26F6A9DD3BB6}.Release|Any CPU.Build.0 = Release|x64
		{13CEB7B5-8828-4B75-8CA3-26F6A9DD3BB6}.Release|ARM.ActiveCfg = Release|x64
		{13CEB7B5-8828-4B75-8CA3-26F6A9DD3BB6}.Release|ARM.Build.0 = Release|x64
		{13CEB7B5-8828-4B75-8CA3-26F6A9DD3BB6}.Release|ARM64.ActiveCfg = Release|ARM64
		{13CEB7B5-8828-4B75-8CA3-26F6A9DD3BB6}.Release|ARM64.Build.0 = Release|ARM64
		{13CEB7B5-8828-4B75-8CA3-26F6A9DD3BB6}.Release|x64.ActiveCfg = Release|x64
		{13CEB7B5-8828-4B75-8CA3-26F6A9DD3BB6}.Release|x64.Build.0 = Release|x64
		{13CEB7B5-8828-4B75-8CA3-26F6A9DD3BB6}.Release|x86.ActiveCfg = Release|Win32
		{13CEB7B5-8828-4B75-8CA3-26F6A9DD3BB6}.Release|x86.Build.0 = Release|Win32
		{65F80C20-6848-4FCE-9654-61B883B2EE3E}.Debug|Any CPU.ActiveCfg = Debug|x64
		{65F80C20-6848-4FCE-9654-61B883B2EE3E}.Debug|Any CPU.Build.0 = Debug|x64
		{65F80C20-6848-4FCE-9654-61B883B2EE3E}.Debug|ARM.ActiveCfg = Debug|x64
		{65F80C20-6848-4FCE-9654-61B883B2EE3E}.Debug|ARM.Build.0 = Debug|x64
		{65F80C20-6848-4FCE-9654-61B883B2EE3E}.Debug|ARM64.ActiveCfg = Debug|x64
		{65F80C20-6848-4FCE-9654-61B883B2EE3E}.Debug|ARM64.Build.0 = Debug|x64
		{65F80C20-6848-4FCE-9654-61B883B2EE3E}.Debug|x64.ActiveCfg = Debug|x64
		{65F80C20-6848-4FCE-9654-61B883B2EE3E}.Debug|x64.Build.0 = Debug|x64
		{65F80C20-6848-4FCE-9654-61B883B2EE3E}.Debug|x86.ActiveCfg = Debug|Win32
		{65F80C20-6848-4FCE-9654-61B883B2EE3E}.Debug|x86.Build.0 = Debug|Win32
		{65F80C20-6848-4FCE-9654-61B883B2EE3E}.Release|Any CPU.ActiveCfg = Release|x64
		{65F80C20-6848-4FCE-9654-61B883B2EE3E}.Release|Any CPU.Build.0 = Release|x64
		{65F80C20-6848-4FCE-9654-61B883B2EE3E}.Release|ARM.ActiveCfg = Release|x64
		{65F80C20-6848-4FCE-9654-61B883B2EE3E}.Release|ARM.Build.0 = Release|x64
		{65F80C20-6848-4FCE-9654-61B883B2EE3E}.Release|ARM64.ActiveCfg = Release|x64
		{65F80C20-6848-4FCE-9654-61B883B2EE3E}.Release|ARM64.Build.0 = Release|x64
		{65F80C20-6848-4FCE-9654-61B883B2EE3E}.Release|x64.ActiveCfg = Release|x64
		{65F80C20-6848-4FCE-9654-61B883B2EE3E}.Release|x64.Build.0 = Release|x64
		{65F80C20-6848-4FCE-9654-61B883B2EE3E}.Release|x86.ActiveCfg = Release|Win32
		{65F80C20-6848-4FCE-9654-61B883B2EE3E}.Release|x86.Build.0 = Release|Win32
		{D4E57DFB-EA15-49A4-B785-39FA3B2F59F7}.Debug|Any CPU.ActiveCfg = Debug|Any CPU
		{D4E57DFB-EA15-49A4-B785-39FA3B2F59F7}.Debug|Any CPU.Build.0 = Debug|Any CPU
		{D4E57DFB-EA15-49A4-B785-39FA3B2F59F7}.Debug|ARM.ActiveCfg = Debug|Any CPU
		{D4E57DFB-EA15-49A4-B785-39FA3B2F59F7}.Debug|ARM.Build.0 = Debug|Any CPU
		{D4E57DFB-EA15-49A4-B785-39FA3B2F59F7}.Debug|ARM64.ActiveCfg = Debug|Any CPU
		{D4E57DFB-EA15-49A4-B785-39FA3B2F59F7}.Debug|ARM64.Build.0 = Debug|Any CPU
		{D4E57DFB-EA15-49A4-B785-39FA3B2F59F7}.Debug|x64.ActiveCfg = Debug|x64
		{D4E57DFB-EA15-49A4-B785-39FA3B2F59F7}.Debug|x64.Build.0 = Debug|x64
		{D4E57DFB-EA15-49A4-B785-39FA3B2F59F7}.Debug|x86.ActiveCfg = Debug|Any CPU
		{D4E57DFB-EA15-49A4-B785-39FA3B2F59F7}.Debug|x86.Build.0 = Debug|Any CPU
		{D4E57DFB-EA15-49A4-B785-39FA3B2F59F7}.Release|Any CPU.ActiveCfg = Release|Any CPU
		{D4E57DFB-EA15-49A4-B785-39FA3B2F59F7}.Release|Any CPU.Build.0 = Release|Any CPU
		{D4E57DFB-EA15-49A4-B785-39FA3B2F59F7}.Release|ARM.ActiveCfg = Release|Any CPU
		{D4E57DFB-EA15-49A4-B785-39FA3B2F59F7}.Release|ARM.Build.0 = Release|Any CPU
		{D4E57DFB-EA15-49A4-B785-39FA3B2F59F7}.Release|ARM64.ActiveCfg = Release|Any CPU
		{D4E57DFB-EA15-49A4-B785-39FA3B2F59F7}.Release|ARM64.Build.0 = Release|Any CPU
		{D4E57DFB-EA15-49A4-B785-39FA3B2F59F7}.Release|x64.ActiveCfg = Release|x64
		{D4E57DFB-EA15-49A4-B785-39FA3B2F59F7}.Release|x64.Build.0 = Release|x64
		{D4E57DFB-EA15-49A4-B785-39FA3B2F59F7}.Release|x86.ActiveCfg = Release|Any CPU
		{D4E57DFB-EA15-49A4-B785-39FA3B2F59F7}.Release|x86.Build.0 = Release|Any CPU
		{476EFFBB-BFBC-4034-ADAD-11986E77B328}.Debug|Any CPU.ActiveCfg = Debug|Any CPU
		{476EFFBB-BFBC-4034-ADAD-11986E77B328}.Debug|Any CPU.Build.0 = Debug|Any CPU
		{476EFFBB-BFBC-4034-ADAD-11986E77B328}.Debug|ARM.ActiveCfg = Debug|Any CPU
		{476EFFBB-BFBC-4034-ADAD-11986E77B328}.Debug|ARM.Build.0 = Debug|Any CPU
		{476EFFBB-BFBC-4034-ADAD-11986E77B328}.Debug|ARM64.ActiveCfg = Debug|Any CPU
		{476EFFBB-BFBC-4034-ADAD-11986E77B328}.Debug|ARM64.Build.0 = Debug|Any CPU
		{476EFFBB-BFBC-4034-ADAD-11986E77B328}.Debug|x64.ActiveCfg = Release|Any CPU
		{476EFFBB-BFBC-4034-ADAD-11986E77B328}.Debug|x64.Build.0 = Release|Any CPU
		{476EFFBB-BFBC-4034-ADAD-11986E77B328}.Debug|x86.ActiveCfg = Debug|Any CPU
		{476EFFBB-BFBC-4034-ADAD-11986E77B328}.Debug|x86.Build.0 = Debug|Any CPU
		{476EFFBB-BFBC-4034-ADAD-11986E77B328}.Release|Any CPU.ActiveCfg = Release|Any CPU
		{476EFFBB-BFBC-4034-ADAD-11986E77B328}.Release|Any CPU.Build.0 = Release|Any CPU
		{476EFFBB-BFBC-4034-ADAD-11986E77B328}.Release|ARM.ActiveCfg = Release|Any CPU
		{476EFFBB-BFBC-4034-ADAD-11986E77B328}.Release|ARM.Build.0 = Release|Any CPU
		{476EFFBB-BFBC-4034-ADAD-11986E77B328}.Release|ARM64.ActiveCfg = Release|Any CPU
		{476EFFBB-BFBC-4034-ADAD-11986E77B328}.Release|ARM64.Build.0 = Release|Any CPU
		{476EFFBB-BFBC-4034-ADAD-11986E77B328}.Release|x64.ActiveCfg = Release|Any CPU
		{476EFFBB-BFBC-4034-ADAD-11986E77B328}.Release|x64.Build.0 = Release|Any CPU
		{476EFFBB-BFBC-4034-ADAD-11986E77B328}.Release|x86.ActiveCfg = Release|Any CPU
		{476EFFBB-BFBC-4034-ADAD-11986E77B328}.Release|x86.Build.0 = Release|Any CPU
	EndGlobalSection
	GlobalSection(SolutionProperties) = preSolution
		HideSolutionNode = FALSE
	EndGlobalSection
	GlobalSection(ExtensibilityGlobals) = postSolution
		SolutionGuid = {939B3F3F-AB92-4A2D-B047-511B54632C57}
	EndGlobalSection
EndGlobal
